<Solution>
  <Folder Name="/build-support/">
    <Project Path="build-support/jit-probe/jit-probe.csproj" />
  </Folder>
  <Folder Name="/examples/" />
  <Folder Name="/examples/ScriptingDemo/">
    <Project Path="examples/ScriptingDemo/ObjectRT.ScriptingDemo.csproj" />
  </Folder>
  <Folder Name="/examples/MonoGameDemo/">
    <Project Path="examples/MonoGameDemo/ObjectRT.MonoGameDemo.csproj" />
  </Folder>
  <Folder Name="/examples/NesDemo/">
    <Project Path="examples/NesDemo/ObjectRT.NesDemo.csproj" />
  </Folder>
  <Folder Name="/src/">
    <Project Path="examples/NesEmulator/NesEmulator.csproj" />
    <Project Path="src/ObjectRT.Abstractions/ObjectRT.Abstractions.csproj" />
    <Project Path="src/ObjectRT.Cli/ObjectRT.Cli.csproj" />
    <Project Path="src/ObjectRT.Runtime/ObjectRT.Runtime.csproj" />
    <Project Path="src/ObjectRT.SourceGenerator/ObjectRT.SourceGenerator.csproj" />
    <Project Path="src/ObjectRT.VM/ObjectRT.VM.csproj" />
    <Project Path="src/ObjectRT.MonoGame/ObjectRT.MonoGame.csproj" />
    <Project Path="src/ObjectRT.Runtime/tests/ObjectRT.Runtime.Tests/ObjectRT.Runtime.Tests.csproj" />
  </Folder>
  <Project Path="../ObjektRT.Core/ObjektRT.Core.csproj" />
  <Project Path="../ObjektRT.Core/tests/ObjektRT.Core.Tests/ObjektRT.Core.Tests.csproj" />
</Solution>
